
Microsoft Visual Studio Solution File, Format Version 12.00
# Visual Studio Version 17
VisualStudioVersion = 17.5.33424.131
MinimumVisualStudioVersion = 10.0.40219.1
Project("{9A19103F-16F7-4668-BE54-9A1E7A4F7556}") = "HangfireDemoConsoleApplication", "HangfireDemoConsoleApplication\HangfireDemoConsoleApplication.csproj", "{CEF29400-90B4-4E44-9E4C-89F177FE9D66}"
EndProject
Project("{FAE04EC0-301F-11D3-BF4B-00C04F79EFBC}") = "PayrollConsoleApp", "PayrollConsoleApp\PayrollConsoleApp.csproj", "{68FFD202-9CB4-426A-8437-236ABC39C32B}"
EndProject
Global
	GlobalSection(SolutionConfigurationPlatforms) = preSolution
		Debug|Any CPU = Debug|Any CPU
		Release|Any CPU = Release|Any CPU
	EndGlobalSection
	GlobalSection(ProjectConfigurationPlatforms) = postSolution
		{CEF29400-90B4-4E44-9E4C-89F177FE9D66}.Debug|Any CPU.ActiveCfg = Debug|Any CPU
		{CEF29400-90B4-4E44-9E4C-89F177FE9D66}.Debug|Any CPU.Build.0 = Debug|Any CPU
		{CEF29400-90B4-4E44-9E4C-89F177FE9D66}.Release|Any CPU.ActiveCfg = Release|Any CPU
		{CEF29400-90B4-4E44-9E4C-89F177FE9D66}.Release|Any CPU.Build.0 = Release|Any CPU
		{68FFD202-9CB4-426A-8437-236ABC39C32B}.Debug|Any CPU.ActiveCfg = Debug|Any CPU
		{68FFD202-9CB4-426A-8437-236ABC39C32B}.Debug|Any CPU.Build.0 = Debug|Any CPU
		{68FFD202-9CB4-426A-8437-236ABC39C32B}.Release|Any CPU.ActiveCfg = Release|Any CPU
		{68FFD202-9CB4-426A-8437-236ABC39C32B}.Release|Any CPU.Build.0 = Release|Any CPU
	EndGlobalSection
	GlobalSection(SolutionProperties) = preSolution
		HideSolutionNode = FALSE
	EndGlobalSection
	GlobalSection(ExtensibilityGlobals) = postSolution
		SolutionGuid = {B3ABE880-E646-4B59-9B37-C702D845966A}
	EndGlobalSection
EndGlobal
